
Microsoft Visual Studio Solution File, Format Version 12.00
# Visual Studio Version 17
VisualStudioVersion = 17.5.33516.290
MinimumVisualStudioVersion = 10.0.40219.1
Project("{FAE04EC0-301F-11D3-BF4B-00C04F79EFBC}") = "ZaidimuNuoma", "ZaidimuNuoma\ZaidimuNuoma.csproj", "{82A1657C-5040-4DD5-A278-116AC6DF26B9}"
EndProject
Global
	GlobalSection(SolutionConfigurationPlatforms) = preSolution
		Debug|Any CPU = Debug|Any CPU
		Release|Any CPU = Release|Any CPU
	EndGlobalSection
	GlobalSection(ProjectConfigurationPlatforms) = postSolution
		{82A1657C-5040-4DD5-A278-116AC6DF26B9}.Debug|Any CPU.ActiveCfg = Debug|Any CPU
		{82A1657C-5040-4DD5-A278-116AC6DF26B9}.Debug|Any CPU.Build.0 = Debug|Any CPU
		{82A1657C-5040-4DD5-A278-116AC6DF26B9}.Release|Any CPU.ActiveCfg = Release|Any CPU
		{82A1657C-5040-4DD5-A278-116AC6DF26B9}.Release|Any CPU.Build.0 = Release|Any CPU
	EndGlobalSection
	GlobalSection(SolutionProperties) = preSolution
		HideSolutionNode = FALSE
	EndGlobalSection
	GlobalSection(ExtensibilityGlobals) = postSolution
		SolutionGuid = {65AA0FD8-0AA5-4A09-8A86-2FD98033C0CA}
	EndGlobalSection
EndGlobal
